
Microsoft Visual Studio Solution File, Format Version 12.00
# Visual Studio 14
VisualStudioVersion = 14.0.25123.0
MinimumVisualStudioVersion = 10.0.40219.1
Project("{FAE04EC0-301F-11D3-BF4B-00C04F79EFBC}") = "AIMP v3.0", "AIMP v3.0\AIMP v3.0.csproj", "{DDCB465C-273D-4108-9C72-3B93F77EA07B}"
EndProject
Project("{FAE04EC0-301F-11D3-BF4B-00C04F79EFBC}") = "TestAccordDb2AndDb3Version", "TestAccordDb2AndDb3Version\TestAccordDb2AndDb3Version.csproj", "{B6C4FA60-ABBE-4AEF-ABBD-6313158E66DF}"
EndProject
Project("{FAE04EC0-301F-11D3-BF4B-00C04F79EFBC}") = "MigrationDb2Vto3V", "MigrationDb2Vto3V\MigrationDb2Vto3V.csproj", "{A010E26E-9378-4DF0-9C2B-A6F02632642D}"
EndProject
Project("{2150E333-8FDC-42A3-9474-1A3956D46DE8}") = "Migration", "Migration", "{A41EB473-995B-4F6B-84BA-144AF8824D74}"
EndProject
Project("{FAE04EC0-301F-11D3-BF4B-00C04F79EFBC}") = "ServiceContract", "ServiceContract\ServiceContract.csproj", "{58DE68B0-7A43-48C9-9EF9-155052828F86}"
EndProject
Project("{FAE04EC0-301F-11D3-BF4B-00C04F79EFBC}") = "Models", "Models\Models.csproj", "{7BB3B2EC-2513-4FCC-8524-ACCD4E95214F}"
EndProject
Project("{2150E333-8FDC-42A3-9474-1A3956D46DE8}") = "Server", "Server", "{808269DB-E014-498C-821A-CA557A2AE565}"
EndProject
Project("{FAE04EC0-301F-11D3-BF4B-00C04F79EFBC}") = "AimpDataAccess", "AimpDataAccess\AimpDataAccess.csproj", "{8DB90126-BA9D-4678-8E87-6F65DA7D3AFF}"
EndProject
Project("{2150E333-8FDC-42A3-9474-1A3956D46DE8}") = "Client", "Client", "{5D1FC169-FDB4-4361-ABB2-DE4274D1A746}"
EndProject
Project("{FAE04EC0-301F-11D3-BF4B-00C04F79EFBC}") = "AimpLogic", "AimpLogic\AimpLogic.csproj", "{3025FFD4-C417-4248-8EDD-5E599377A63D}"
EndProject
Project("{FAE04EC0-301F-11D3-BF4B-00C04F79EFBC}") = "AimpConsole", "AimpConsole\AimpConsole.csproj", "{5D0615F1-2E68-41B6-A2AC-9067614243F7}"
EndProject
Project("{FAE04EC0-301F-11D3-BF4B-00C04F79EFBC}") = "AimpReports", "AimpReports\AimpReports.csproj", "{E31FB020-1B6A-48E4-B17F-C4BD77EC294D}"
EndProject
Global
	GlobalSection(SolutionConfigurationPlatforms) = preSolution
		Debug|Any CPU = Debug|Any CPU
		Debug|x86 = Debug|x86
		Release|Any CPU = Release|Any CPU
		Release|x86 = Release|x86
	EndGlobalSection
	GlobalSection(ProjectConfigurationPlatforms) = postSolution
		{DDCB465C-273D-4108-9C72-3B93F77EA07B}.Debug|Any CPU.ActiveCfg = Debug|Any CPU
		{DDCB465C-273D-4108-9C72-3B93F77EA07B}.Debug|Any CPU.Build.0 = Debug|Any CPU
		{DDCB465C-273D-4108-9C72-3B93F77EA07B}.Debug|x86.ActiveCfg = Debug|x86
		{DDCB465C-273D-4108-9C72-3B93F77EA07B}.Debug|x86.Build.0 = Debug|x86
		{DDCB465C-273D-4108-9C72-3B93F77EA07B}.Release|Any CPU.ActiveCfg = Release|Any CPU
		{DDCB465C-273D-4108-9C72-3B93F77EA07B}.Release|Any CPU.Build.0 = Release|Any CPU
		{DDCB465C-273D-4108-9C72-3B93F77EA07B}.Release|x86.ActiveCfg = Release|x86
		{DDCB465C-273D-4108-9C72-3B93F77EA07B}.Release|x86.Build.0 = Release|x86
		{B6C4FA60-ABBE-4AEF-ABBD-6313158E66DF}.Debug|Any CPU.ActiveCfg = Debug|Any CPU
		{B6C4FA60-ABBE-4AEF-ABBD-6313158E66DF}.Debug|Any CPU.Build.0 = Debug|Any CPU
		{B6C4FA60-ABBE-4AEF-ABBD-6313158E66DF}.Debug|x86.ActiveCfg = Debug|x86
		{B6C4FA60-ABBE-4AEF-ABBD-6313158E66DF}.Debug|x86.Build.0 = Debug|x86
		{B6C4FA60-ABBE-4AEF-ABBD-6313158E66DF}.Release|Any CPU.ActiveCfg = Release|Any CPU
		{B6C4FA60-ABBE-4AEF-ABBD-6313158E66DF}.Release|Any CPU.Build.0 = Release|Any CPU
		{B6C4FA60-ABBE-4AEF-ABBD-6313158E66DF}.Release|x86.ActiveCfg = Release|x86
		{B6C4FA60-ABBE-4AEF-ABBD-6313158E66DF}.Release|x86.Build.0 = Release|x86
		{A010E26E-9378-4DF0-9C2B-A6F02632642D}.Debug|Any CPU.ActiveCfg = Debug|Any CPU
		{A010E26E-9378-4DF0-9C2B-A6F02632642D}.Debug|Any CPU.Build.0 = Debug|Any CPU
		{A010E26E-9378-4DF0-9C2B-A6F02632642D}.Debug|x86.ActiveCfg = Debug|x86
		{A010E26E-9378-4DF0-9C2B-A6F02632642D}.Debug|x86.Build.0 = Debug|x86
		{A010E26E-9378-4DF0-9C2B-A6F02632642D}.Release|Any CPU.ActiveCfg = Release|Any CPU
		{A010E26E-9378-4DF0-9C2B-A6F02632642D}.Release|Any CPU.Build.0 = Release|Any CPU
		{A010E26E-9378-4DF0-9C2B-A6F02632642D}.Release|x86.ActiveCfg = Release|x86
		{A010E26E-9378-4DF0-9C2B-A6F02632642D}.Release|x86.Build.0 = Release|x86
		{58DE68B0-7A43-48C9-9EF9-155052828F86}.Debug|Any CPU.ActiveCfg = Debug|Any CPU
		{58DE68B0-7A43-48C9-9EF9-155052828F86}.Debug|Any CPU.Build.0 = Debug|Any CPU
		{58DE68B0-7A43-48C9-9EF9-155052828F86}.Debug|x86.ActiveCfg = Debug|x86
		{58DE68B0-7A43-48C9-9EF9-155052828F86}.Debug|x86.Build.0 = Debug|x86
		{58DE68B0-7A43-48C9-9EF9-155052828F86}.Release|Any CPU.ActiveCfg = Release|Any CPU
		{58DE68B0-7A43-48C9-9EF9-155052828F86}.Release|Any CPU.Build.0 = Release|Any CPU
		{58DE68B0-7A43-48C9-9EF9-155052828F86}.Release|x86.ActiveCfg = Release|x86
		{58DE68B0-7A43-48C9-9EF9-155052828F86}.Release|x86.Build.0 = Release|x86
		{7BB3B2EC-2513-4FCC-8524-ACCD4E95214F}.Debug|Any CPU.ActiveCfg = Debug|Any CPU
		{7BB3B2EC-2513-4FCC-8524-ACCD4E95214F}.Debug|Any CPU.Build.0 = Debug|Any CPU
		{7BB3B2EC-2513-4FCC-8524-ACCD4E95214F}.Debug|x86.ActiveCfg = Debug|x86
		{7BB3B2EC-2513-4FCC-8524-ACCD4E95214F}.Debug|x86.Build.0 = Debug|x86
		{7BB3B2EC-2513-4FCC-8524-ACCD4E95214F}.Release|Any CPU.ActiveCfg = Release|Any CPU
		{7BB3B2EC-2513-4FCC-8524-ACCD4E95214F}.Release|Any CPU.Build.0 = Release|Any CPU
		{7BB3B2EC-2513-4FCC-8524-ACCD4E95214F}.Release|x86.ActiveCfg = Release|x86
		{7BB3B2EC-2513-4FCC-8524-ACCD4E95214F}.Release|x86.Build.0 = Release|x86
		{8DB90126-BA9D-4678-8E87-6F65DA7D3AFF}.Debug|Any CPU.ActiveCfg = Debug|Any CPU
		{8DB90126-BA9D-4678-8E87-6F65DA7D3AFF}.Debug|Any CPU.Build.0 = Debug|Any CPU
		{8DB90126-BA9D-4678-8E87-6F65DA7D3AFF}.Debug|x86.ActiveCfg = Debug|Any CPU
		{8DB90126-BA9D-4678-8E87-6F65DA7D3AFF}.Debug|x86.Build.0 = Debug|Any CPU
		{8DB90126-BA9D-4678-8E87-6F65DA7D3AFF}.Release|Any CPU.ActiveCfg = Release|Any CPU
		{8DB90126-BA9D-4678-8E87-6F65DA7D3AFF}.Release|Any CPU.Build.0 = Release|Any CPU
		{8DB90126-BA9D-4678-8E87-6F65DA7D3AFF}.Release|x86.ActiveCfg = Release|Any CPU
		{8DB90126-BA9D-4678-8E87-6F65DA7D3AFF}.Release|x86.Build.0 = Release|Any CPU
		{3025FFD4-C417-4248-8EDD-5E599377A63D}.Debug|Any CPU.ActiveCfg = Debug|Any CPU
		{3025FFD4-C417-4248-8EDD-5E599377A63D}.Debug|Any CPU.Build.0 = Debug|Any CPU
		{3025FFD4-C417-4248-8EDD-5E599377A63D}.Debug|x86.ActiveCfg = Debug|Any CPU
		{3025FFD4-C417-4248-8EDD-5E599377A63D}.Debug|x86.Build.0 = Debug|Any CPU
		{3025FFD4-C417-4248-8EDD-5E599377A63D}.Release|Any CPU.ActiveCfg = Release|Any CPU
		{3025FFD4-C417-4248-8EDD-5E599377A63D}.Release|Any CPU.Build.0 = Release|Any CPU
		{3025FFD4-C417-4248-8EDD-5E599377A63D}.Release|x86.ActiveCfg = Release|Any CPU
		{3025FFD4-C417-4248-8EDD-5E599377A63D}.Release|x86.Build.0 = Release|Any CPU
		{5D0615F1-2E68-41B6-A2AC-9067614243F7}.Debug|Any CPU.ActiveCfg = Debug|Any CPU
		{5D0615F1-2E68-41B6-A2AC-9067614243F7}.Debug|Any CPU.Build.0 = Debug|Any CPU
		{5D0615F1-2E68-41B6-A2AC-9067614243F7}.Debug|x86.ActiveCfg = Debug|Any CPU
		{5D0615F1-2E68-41B6-A2AC-9067614243F7}.Debug|x86.Build.0 = Debug|Any CPU
		{5D0615F1-2E68-41B6-A2AC-9067614243F7}.Release|Any CPU.ActiveCfg = Release|Any CPU
		{5D0615F1-2E68-41B6-A2AC-9067614243F7}.Release|Any CPU.Build.0 = Release|Any CPU
		{5D0615F1-2E68-41B6-A2AC-9067614243F7}.Release|x86.ActiveCfg = Release|Any CPU
		{5D0615F1-2E68-41B6-A2AC-9067614243F7}.Release|x86.Build.0 = Release|Any CPU
		{E31FB020-1B6A-48E4-B17F-C4BD77EC294D}.Debug|Any CPU.ActiveCfg = Debug|Any CPU
		{E31FB020-1B6A-48E4-B17F-C4BD77EC294D}.Debug|Any CPU.Build.0 = Debug|Any CPU
		{E31FB020-1B6A-48E4-B17F-C4BD77EC294D}.Debug|x86.ActiveCfg = Debug|Any CPU
		{E31FB020-1B6A-48E4-B17F-C4BD77EC294D}.Debug|x86.Build.0 = Debug|Any CPU
		{E31FB020-1B6A-48E4-B17F-C4BD77EC294D}.Release|Any CPU.ActiveCfg = Release|Any CPU
		{E31FB020-1B6A-48E4-B17F-C4BD77EC294D}.Release|Any CPU.Build.0 = Release|Any CPU
		{E31FB020-1B6A-48E4-B17F-C4BD77EC294D}.Release|x86.ActiveCfg = Release|Any CPU
		{E31FB020-1B6A-48E4-B17F-C4BD77EC294D}.Release|x86.Build.0 = Release|Any CPU
	EndGlobalSection
	GlobalSection(SolutionProperties) = preSolution
		HideSolutionNode = FALSE
	EndGlobalSection
	GlobalSection(NestedProjects) = preSolution
		{DDCB465C-273D-4108-9C72-3B93F77EA07B} = {5D1FC169-FDB4-4361-ABB2-DE4274D1A746}
		{B6C4FA60-ABBE-4AEF-ABBD-6313158E66DF} = {A41EB473-995B-4F6B-84BA-144AF8824D74}
		{A010E26E-9378-4DF0-9C2B-A6F02632642D} = {A41EB473-995B-4F6B-84BA-144AF8824D74}
		{8DB90126-BA9D-4678-8E87-6F65DA7D3AFF} = {808269DB-E014-498C-821A-CA557A2AE565}
		{3025FFD4-C417-4248-8EDD-5E599377A63D} = {808269DB-E014-498C-821A-CA557A2AE565}
		{5D0615F1-2E68-41B6-A2AC-9067614243F7} = {808269DB-E014-498C-821A-CA557A2AE565}
		{E31FB020-1B6A-48E4-B17F-C4BD77EC294D} = {808269DB-E014-498C-821A-CA557A2AE565}
	EndGlobalSection
EndGlobal
