
Microsoft Visual Studio Solution File, Format Version 12.00
# Visual Studio 14
VisualStudioVersion = 14.0.25123.0
MinimumVisualStudioVersion = 10.0.40219.1
Project("{FAE04EC0-301F-11D3-BF4B-00C04F79EFBC}") = "AIMP v3.0", "AIMP v3.0\AIMP v3.0.csproj", "{DDCB465C-273D-4108-9C72-3B93F77EA07B}"
EndProject
Project("{FAE04EC0-301F-11D3-BF4B-00C04F79EFBC}") = "TestAccordDb2AndDb3Version", "TestAccordDb2AndDb3Version\TestAccordDb2AndDb3Version.csproj", "{B6C4FA60-ABBE-4AEF-ABBD-6313158E66DF}"
EndProject
Project("{FAE04EC0-301F-11D3-BF4B-00C04F79EFBC}") = "MigrationDb2Vto3V", "MigrationDb2Vto3V\MigrationDb2Vto3V.csproj", "{A010E26E-9378-4DF0-9C2B-A6F02632642D}"
EndProject
Project("{2150E333-8FDC-42A3-9474-1A3956D46DE8}") = "Migration", "Migration", "{A41EB473-995B-4F6B-84BA-144AF8824D74}"
EndProject
Project("{2150E333-8FDC-42A3-9474-1A3956D46DE8}") = "Client", "Client", "{5D1FC169-FDB4-4361-ABB2-DE4274D1A746}"
EndProject
Project("{FAE04EC0-301F-11D3-BF4B-00C04F79EFBC}") = "Aimp.Infrastructure", "Aimp.Infrastructure\Aimp.Infrastructure.csproj", "{071A61C7-6474-478B-B1E0-C152165056C7}"
EndProject
Project("{FAE04EC0-301F-11D3-BF4B-00C04F79EFBC}") = "Aimp.Model", "Aimp.Model\Aimp.Model.csproj", "{C64A7FF3-73C3-4362-8FA4-678E4811AEC7}"
EndProject
Project("{FAE04EC0-301F-11D3-BF4B-00C04F79EFBC}") = "Aimp.DataContext", "Aimp.DataContext\Aimp.DataContext.csproj", "{3CAA7FF8-6408-4D72-B6AA-9F135681400E}"
EndProject
Project("{FAE04EC0-301F-11D3-BF4B-00C04F79EFBC}") = "Aimp.UserRights", "Aimp.UserRights\Aimp.UserRights.csproj", "{3A19CD42-08CC-48CA-9615-49E27B66C400}"
EndProject
Project("{FAE04EC0-301F-11D3-BF4B-00C04F79EFBC}") = "Aimp.Entities", "Aimp.Entities\Aimp.Entities.csproj", "{EC227EF6-0F8E-49DD-B314-F2201288B8CA}"
EndProject
Project("{FAE04EC0-301F-11D3-BF4B-00C04F79EFBC}") = "Aimp.PrintedDocument", "Aimp.PrintedDocument\Aimp.PrintedDocument.csproj", "{59AB639D-35E7-4A7B-ADF7-24CD326BC1E6}"
EndProject
Project("{FAE04EC0-301F-11D3-BF4B-00C04F79EFBC}") = "Aimp.ServiceContracts", "Aimp.ServiceContracts\Aimp.ServiceContracts.csproj", "{27770613-24DB-4AE3-A2AB-414E18896E3B}"
EndProject
Project("{FAE04EC0-301F-11D3-BF4B-00C04F79EFBC}") = "Aimp.Wcf", "Aimp.Wcf\Aimp.Wcf.csproj", "{0E8C8F12-C356-40EA-94DA-E2AE0AD6A67C}"
EndProject
Global
	GlobalSection(SolutionConfigurationPlatforms) = preSolution
		Debug|Any CPU = Debug|Any CPU
		Debug|x86 = Debug|x86
		Release|Any CPU = Release|Any CPU
		Release|x86 = Release|x86
	EndGlobalSection
	GlobalSection(ProjectConfigurationPlatforms) = postSolution
		{DDCB465C-273D-4108-9C72-3B93F77EA07B}.Debug|Any CPU.ActiveCfg = Debug|Any CPU
		{DDCB465C-273D-4108-9C72-3B93F77EA07B}.Debug|Any CPU.Build.0 = Debug|Any CPU
		{DDCB465C-273D-4108-9C72-3B93F77EA07B}.Debug|x86.ActiveCfg = Debug|x86
		{DDCB465C-273D-4108-9C72-3B93F77EA07B}.Debug|x86.Build.0 = Debug|x86
		{DDCB465C-273D-4108-9C72-3B93F77EA07B}.Release|Any CPU.ActiveCfg = Release|Any CPU
		{DDCB465C-273D-4108-9C72-3B93F77EA07B}.Release|Any CPU.Build.0 = Release|Any CPU
		{DDCB465C-273D-4108-9C72-3B93F77EA07B}.Release|x86.ActiveCfg = Release|x86
		{DDCB465C-273D-4108-9C72-3B93F77EA07B}.Release|x86.Build.0 = Release|x86
		{B6C4FA60-ABBE-4AEF-ABBD-6313158E66DF}.Debug|Any CPU.ActiveCfg = Debug|Any CPU
		{B6C4FA60-ABBE-4AEF-ABBD-6313158E66DF}.Debug|Any CPU.Build.0 = Debug|Any CPU
		{B6C4FA60-ABBE-4AEF-ABBD-6313158E66DF}.Debug|x86.ActiveCfg = Debug|x86
		{B6C4FA60-ABBE-4AEF-ABBD-6313158E66DF}.Debug|x86.Build.0 = Debug|x86
		{B6C4FA60-ABBE-4AEF-ABBD-6313158E66DF}.Release|Any CPU.ActiveCfg = Release|Any CPU
		{B6C4FA60-ABBE-4AEF-ABBD-6313158E66DF}.Release|Any CPU.Build.0 = Release|Any CPU
		{B6C4FA60-ABBE-4AEF-ABBD-6313158E66DF}.Release|x86.ActiveCfg = Release|x86
		{B6C4FA60-ABBE-4AEF-ABBD-6313158E66DF}.Release|x86.Build.0 = Release|x86
		{A010E26E-9378-4DF0-9C2B-A6F02632642D}.Debug|Any CPU.ActiveCfg = Debug|Any CPU
		{A010E26E-9378-4DF0-9C2B-A6F02632642D}.Debug|Any CPU.Build.0 = Debug|Any CPU
		{A010E26E-9378-4DF0-9C2B-A6F02632642D}.Debug|x86.ActiveCfg = Debug|x86
		{A010E26E-9378-4DF0-9C2B-A6F02632642D}.Debug|x86.Build.0 = Debug|x86
		{A010E26E-9378-4DF0-9C2B-A6F02632642D}.Release|Any CPU.ActiveCfg = Release|Any CPU
		{A010E26E-9378-4DF0-9C2B-A6F02632642D}.Release|Any CPU.Build.0 = Release|Any CPU
		{A010E26E-9378-4DF0-9C2B-A6F02632642D}.Release|x86.ActiveCfg = Release|x86
		{A010E26E-9378-4DF0-9C2B-A6F02632642D}.Release|x86.Build.0 = Release|x86
		{071A61C7-6474-478B-B1E0-C152165056C7}.Debug|Any CPU.ActiveCfg = Debug|Any CPU
		{071A61C7-6474-478B-B1E0-C152165056C7}.Debug|Any CPU.Build.0 = Debug|Any CPU
		{071A61C7-6474-478B-B1E0-C152165056C7}.Debug|x86.ActiveCfg = Debug|Any CPU
		{071A61C7-6474-478B-B1E0-C152165056C7}.Debug|x86.Build.0 = Debug|Any CPU
		{071A61C7-6474-478B-B1E0-C152165056C7}.Release|Any CPU.ActiveCfg = Release|Any CPU
		{071A61C7-6474-478B-B1E0-C152165056C7}.Release|Any CPU.Build.0 = Release|Any CPU
		{071A61C7-6474-478B-B1E0-C152165056C7}.Release|x86.ActiveCfg = Release|Any CPU
		{071A61C7-6474-478B-B1E0-C152165056C7}.Release|x86.Build.0 = Release|Any CPU
		{C64A7FF3-73C3-4362-8FA4-678E4811AEC7}.Debug|Any CPU.ActiveCfg = Debug|Any CPU
		{C64A7FF3-73C3-4362-8FA4-678E4811AEC7}.Debug|Any CPU.Build.0 = Debug|Any CPU
		{C64A7FF3-73C3-4362-8FA4-678E4811AEC7}.Debug|x86.ActiveCfg = Debug|Any CPU
		{C64A7FF3-73C3-4362-8FA4-678E4811AEC7}.Debug|x86.Build.0 = Debug|Any CPU
		{C64A7FF3-73C3-4362-8FA4-678E4811AEC7}.Release|Any CPU.ActiveCfg = Release|Any CPU
		{C64A7FF3-73C3-4362-8FA4-678E4811AEC7}.Release|Any CPU.Build.0 = Release|Any CPU
		{C64A7FF3-73C3-4362-8FA4-678E4811AEC7}.Release|x86.ActiveCfg = Release|Any CPU
		{C64A7FF3-73C3-4362-8FA4-678E4811AEC7}.Release|x86.Build.0 = Release|Any CPU
		{3CAA7FF8-6408-4D72-B6AA-9F135681400E}.Debug|Any CPU.ActiveCfg = Debug|Any CPU
		{3CAA7FF8-6408-4D72-B6AA-9F135681400E}.Debug|Any CPU.Build.0 = Debug|Any CPU
		{3CAA7FF8-6408-4D72-B6AA-9F135681400E}.Debug|x86.ActiveCfg = Debug|Any CPU
		{3CAA7FF8-6408-4D72-B6AA-9F135681400E}.Debug|x86.Build.0 = Debug|Any CPU
		{3CAA7FF8-6408-4D72-B6AA-9F135681400E}.Release|Any CPU.ActiveCfg = Release|Any CPU
		{3CAA7FF8-6408-4D72-B6AA-9F135681400E}.Release|Any CPU.Build.0 = Release|Any CPU
		{3CAA7FF8-6408-4D72-B6AA-9F135681400E}.Release|x86.ActiveCfg = Release|Any CPU
		{3CAA7FF8-6408-4D72-B6AA-9F135681400E}.Release|x86.Build.0 = Release|Any CPU
		{3A19CD42-08CC-48CA-9615-49E27B66C400}.Debug|Any CPU.ActiveCfg = Debug|Any CPU
		{3A19CD42-08CC-48CA-9615-49E27B66C400}.Debug|Any CPU.Build.0 = Debug|Any CPU
		{3A19CD42-08CC-48CA-9615-49E27B66C400}.Debug|x86.ActiveCfg = Debug|Any CPU
		{3A19CD42-08CC-48CA-9615-49E27B66C400}.Debug|x86.Build.0 = Debug|Any CPU
		{3A19CD42-08CC-48CA-9615-49E27B66C400}.Release|Any CPU.ActiveCfg = Release|Any CPU
		{3A19CD42-08CC-48CA-9615-49E27B66C400}.Release|Any CPU.Build.0 = Release|Any CPU
		{3A19CD42-08CC-48CA-9615-49E27B66C400}.Release|x86.ActiveCfg = Release|Any CPU
		{3A19CD42-08CC-48CA-9615-49E27B66C400}.Release|x86.Build.0 = Release|Any CPU
		{EC227EF6-0F8E-49DD-B314-F2201288B8CA}.Debug|Any CPU.ActiveCfg = Debug|Any CPU
		{EC227EF6-0F8E-49DD-B314-F2201288B8CA}.Debug|Any CPU.Build.0 = Debug|Any CPU
		{EC227EF6-0F8E-49DD-B314-F2201288B8CA}.Debug|x86.ActiveCfg = Debug|Any CPU
		{EC227EF6-0F8E-49DD-B314-F2201288B8CA}.Debug|x86.Build.0 = Debug|Any CPU
		{EC227EF6-0F8E-49DD-B314-F2201288B8CA}.Release|Any CPU.ActiveCfg = Release|Any CPU
		{EC227EF6-0F8E-49DD-B314-F2201288B8CA}.Release|Any CPU.Build.0 = Release|Any CPU
		{EC227EF6-0F8E-49DD-B314-F2201288B8CA}.Release|x86.ActiveCfg = Release|Any CPU
		{EC227EF6-0F8E-49DD-B314-F2201288B8CA}.Release|x86.Build.0 = Release|Any CPU
		{59AB639D-35E7-4A7B-ADF7-24CD326BC1E6}.Debug|Any CPU.ActiveCfg = Debug|Any CPU
		{59AB639D-35E7-4A7B-ADF7-24CD326BC1E6}.Debug|Any CPU.Build.0 = Debug|Any CPU
		{59AB639D-35E7-4A7B-ADF7-24CD326BC1E6}.Debug|x86.ActiveCfg = Debug|Any CPU
		{59AB639D-35E7-4A7B-ADF7-24CD326BC1E6}.Debug|x86.Build.0 = Debug|Any CPU
		{59AB639D-35E7-4A7B-ADF7-24CD326BC1E6}.Release|Any CPU.ActiveCfg = Release|Any CPU
		{59AB639D-35E7-4A7B-ADF7-24CD326BC1E6}.Release|Any CPU.Build.0 = Release|Any CPU
		{59AB639D-35E7-4A7B-ADF7-24CD326BC1E6}.Release|x86.ActiveCfg = Release|Any CPU
		{59AB639D-35E7-4A7B-ADF7-24CD326BC1E6}.Release|x86.Build.0 = Release|Any CPU
		{27770613-24DB-4AE3-A2AB-414E18896E3B}.Debug|Any CPU.ActiveCfg = Debug|Any CPU
		{27770613-24DB-4AE3-A2AB-414E18896E3B}.Debug|Any CPU.Build.0 = Debug|Any CPU
		{27770613-24DB-4AE3-A2AB-414E18896E3B}.Debug|x86.ActiveCfg = Debug|Any CPU
		{27770613-24DB-4AE3-A2AB-414E18896E3B}.Debug|x86.Build.0 = Debug|Any CPU
		{27770613-24DB-4AE3-A2AB-414E18896E3B}.Release|Any CPU.ActiveCfg = Release|Any CPU
		{27770613-24DB-4AE3-A2AB-414E18896E3B}.Release|Any CPU.Build.0 = Release|Any CPU
		{27770613-24DB-4AE3-A2AB-414E18896E3B}.Release|x86.ActiveCfg = Release|Any CPU
		{27770613-24DB-4AE3-A2AB-414E18896E3B}.Release|x86.Build.0 = Release|Any CPU
		{0E8C8F12-C356-40EA-94DA-E2AE0AD6A67C}.Debug|Any CPU.ActiveCfg = Debug|Any CPU
		{0E8C8F12-C356-40EA-94DA-E2AE0AD6A67C}.Debug|Any CPU.Build.0 = Debug|Any CPU
		{0E8C8F12-C356-40EA-94DA-E2AE0AD6A67C}.Debug|x86.ActiveCfg = Debug|Any CPU
		{0E8C8F12-C356-40EA-94DA-E2AE0AD6A67C}.Debug|x86.Build.0 = Debug|Any CPU
		{0E8C8F12-C356-40EA-94DA-E2AE0AD6A67C}.Release|Any CPU.ActiveCfg = Release|Any CPU
		{0E8C8F12-C356-40EA-94DA-E2AE0AD6A67C}.Release|Any CPU.Build.0 = Release|Any CPU
		{0E8C8F12-C356-40EA-94DA-E2AE0AD6A67C}.Release|x86.ActiveCfg = Release|Any CPU
		{0E8C8F12-C356-40EA-94DA-E2AE0AD6A67C}.Release|x86.Build.0 = Release|Any CPU
	EndGlobalSection
	GlobalSection(SolutionProperties) = preSolution
		HideSolutionNode = FALSE
	EndGlobalSection
	GlobalSection(NestedProjects) = preSolution
		{DDCB465C-273D-4108-9C72-3B93F77EA07B} = {5D1FC169-FDB4-4361-ABB2-DE4274D1A746}
		{B6C4FA60-ABBE-4AEF-ABBD-6313158E66DF} = {A41EB473-995B-4F6B-84BA-144AF8824D74}
		{A010E26E-9378-4DF0-9C2B-A6F02632642D} = {A41EB473-995B-4F6B-84BA-144AF8824D74}
	EndGlobalSection
EndGlobal
